
Microsoft Visual Studio Solution File, Format Version 12.00
# Visual Studio Version 16
VisualStudioVersion = 16.0.31624.102
MinimumVisualStudioVersion = 10.0.40219.1
Project("{8BC9CEB8-8B4A-11D0-8D11-00A0C91BC942}") = "163", "163.vcxproj", "{8454AF0F-2C78-460E-8BB6-1430594E71ED}"
EndProject
Global
	GlobalSection(SolutionConfigurationPlatforms) = preSolution
		Debug|x64 = Debug|x64
		Debug|x86 = Debug|x86
		Release|x64 = Release|x64
		Release|x86 = Release|x86
	EndGlobalSection
	GlobalSection(ProjectConfigurationPlatforms) = postSolution
		{8454AF0F-2C78-460E-8BB6-1430594E71ED}.Debug|x64.ActiveCfg = Debug|x64
		{8454AF0F-2C78-460E-8BB6-1430594E71ED}.Debug|x64.Build.0 = Debug|x64
		{8454AF0F-2C78-460E-8BB6-1430594E71ED}.Debug|x86.ActiveCfg = Debug|Win32
		{8454AF0F-2C78-460E-8BB6-1430594E71ED}.Debug|x86.Build.0 = Debug|Win32
		{8454AF0F-2C78-460E-8BB6-1430594E71ED}.Release|x64.ActiveCfg = Release|x64
		{8454AF0F-2C78-460E-8BB6-1430594E71ED}.Release|x64.Build.0 = Release|x64
		{8454AF0F-2C78-460E-8BB6-1430594E71ED}.Release|x86.ActiveCfg = Release|Win32
		{8454AF0F-2C78-460E-8BB6-1430594E71ED}.Release|x86.Build.0 = Release|Win32
	EndGlobalSection
	GlobalSection(SolutionProperties) = preSolution
		HideSolutionNode = FALSE
	EndGlobalSection
	GlobalSection(ExtensibilityGlobals) = postSolution
		SolutionGuid = {908A94EC-0BFA-4CC5-AFBC-7253205D8D86}
	EndGlobalSection
EndGlobal
