
Microsoft Visual Studio Solution File, Format Version 12.00
# Visual Studio Version 16
VisualStudioVersion = 16.0.31624.102
MinimumVisualStudioVersion = 10.0.40219.1
Project("{8BC9CEB8-8B4A-11D0-8D11-00A0C91BC942}") = "Project4", "Project4\Project4.vcxproj", "{2DCA2746-7424-4087-8079-17B3E3C4D275}"
EndProject
Global
	GlobalSection(SolutionConfigurationPlatforms) = preSolution
		Debug|x64 = Debug|x64
		Debug|x86 = Debug|x86
		Release|x64 = Release|x64
		Release|x86 = Release|x86
	EndGlobalSection
	GlobalSection(ProjectConfigurationPlatforms) = postSolution
		{2DCA2746-7424-4087-8079-17B3E3C4D275}.Debug|x64.ActiveCfg = Debug|x64
		{2DCA2746-7424-4087-8079-17B3E3C4D275}.Debug|x64.Build.0 = Debug|x64
		{2DCA2746-7424-4087-8079-17B3E3C4D275}.Debug|x86.ActiveCfg = Debug|Win32
		{2DCA2746-7424-4087-8079-17B3E3C4D275}.Debug|x86.Build.0 = Debug|Win32
		{2DCA2746-7424-4087-8079-17B3E3C4D275}.Release|x64.ActiveCfg = Release|x64
		{2DCA2746-7424-4087-8079-17B3E3C4D275}.Release|x64.Build.0 = Release|x64
		{2DCA2746-7424-4087-8079-17B3E3C4D275}.Release|x86.ActiveCfg = Release|Win32
		{2DCA2746-7424-4087-8079-17B3E3C4D275}.Release|x86.Build.0 = Release|Win32
	EndGlobalSection
	GlobalSection(SolutionProperties) = preSolution
		HideSolutionNode = FALSE
	EndGlobalSection
	GlobalSection(ExtensibilityGlobals) = postSolution
		SolutionGuid = {B2D2D6AB-1F23-414F-87BA-3C3A9870586C}
	EndGlobalSection
EndGlobal
